{
    "_meta": {
        "hash": {
            "sha256": "283f56553d1482eab8bd7bad13e138b9cc2daf55be398fd2bd91aa911e2fb7ce"
        },
        "host-environment-markers": {
            "implementation_name": "cpython",
            "implementation_version": "3.6.2",
            "os_name": "posix",
            "platform_machine": "x86_64",
            "platform_python_implementation": "CPython",
            "platform_release": "17.0.0",
            "platform_system": "Darwin",
            "platform_version": "Darwin Kernel Version 17.0.0: Thu Aug 24 21:48:19 PDT 2017; root:xnu-4570.1.46~2/RELEASE_X86_64",
            "python_full_version": "3.6.2",
            "python_version": "3.6",
            "sys_platform": "darwin"
        },
        "pipfile-spec": 3,
        "requires": {},
        "sources": [
            {
                "url": "https://pypi.python.org/simple",
                "verify_ssl": true
            }
        ]
    },
    "default": {
        "astroid": {
            "hashes": [
                "sha256:39a21dd2b5d81a6731dc0ac2884fa419532dffd465cdd43ea6c168d36b76efb3",
                "sha256:492c2a2044adbf6a84a671b7522e9295ad2f6a7c781b899014308db25312dd35"
            ],
            "version": "==1.5.3"
        },
        "bcrypt": {
            "hashes": [
                "sha256:4eb357ab2cd27f4c6151d33130c667e9245beb9d1e6779ccf7e196d4cc20ffa8",
                "sha256:9c3b27bcc772958a4a051ae333de802423ebe0a5dd4e58e642e6e9d641cd7f3c",
                "sha256:5dce51509227741323469b5c5ac6c6ccb2b2380800acc72e60bdf1b3359a5deb",
                "sha256:c68f89a235752c2c191f17ca9a5a2496cb278b57ceb3753621f502a3f576fec5",
                "sha256:06280fe19ffbcf6cf904de25190dd6fcd313e30bc79da305f5642a8295d1616e",
                "sha256:e0d47491bd496f823c7fdfdd6154b3e68b8ddf07556210bc46d39af31035f90a",
                "sha256:bebccf76fad01fe91426023b3a41ee991a3ab539f3d3d74b7acdb75baf111224",
                "sha256:b949fd8cab330cddb101d4d5fa1b02772b887c31280f10ee4530c2090c378b13",
                "sha256:1f3054d4da7c4a84b797d9130c36425b6e28134e9e67cd47b393774ea7168a3d",
                "sha256:5129442f3f131c1210734699ffa2b7f956786e3e943d38a3158ce174708d0296",
                "sha256:60c8aa69d18ee750d3678d67a265f1cf3559eabef98f90e3e646c3ff41e8795d",
                "sha256:35cfdfa3f64f8bad68d25f261bdc60fbb9e43f164881c496cb590bf8001aad83",
                "sha256:05b35b9842b009b44496fa5433ce462f69966291e50fbd471dbb427f399f748f",
                "sha256:70b69c68aede91eb96df81227c0a060ead75a008c3d7e4858dc165265d125c44",
                "sha256:329c547f5525808aecd77ccade9fd443e381f9d91fc8164da1dae9c195e1f1f5",
                "sha256:84b65684f53c4b6b9d9f61d7f9306e286613187bdf46f30d9a0bbadccfde2205",
                "sha256:81eb609e0e15336ce6d6acf37a2e4a89c5a2030b76bc7a907e7010d5b4332c38",
                "sha256:69dc348c0b6b34b855f3f340756b35f0398e18f0637fc815be567c664cba7d1b",
                "sha256:f2bfc588ff4e779e3659b8db348f5fb7b8192d63efc4bf15ecc50a72c820a221",
                "sha256:9cdc6fcd0eda471b66aca565ce214639f1ad1c5f3a71a205c492d04d139bb75b",
                "sha256:4396a33e112907f5978d5c40ca858b79fb1f6afd1caf3f8721c1411593d83bc2",
                "sha256:8b32df00118b8e7de99eb5ca78374eff1a3934ca42972a54283ddcb85d77164d",
                "sha256:73aabf7967c4dc319644c8bcfcbfe8106a475b16af481e0c12402dce2fbac44d",
                "sha256:f05cf87b6787b19c0daf9a7b89ac98708e48903120ccc04e4120528daba280fb",
                "sha256:66e3e1c105c1b811cf25974ee1eff53f2ebf4203c2e2c90e4b1097a837ba4a66",
                "sha256:5929214153af8e3e461777837e0de1a00f2ced48d921e55fb952b4d5702e1be2",
                "sha256:f1255ae53392e6e3a40955fa363d9522c915d3245c83029fd7a8ef500cd5f3be",
                "sha256:b7679e478041ad8eae3d70e73dc7f6a2e913142a5fc35a6cabfcb7af977559c1",
                "sha256:cdbcff01afda970b8d8e57633204f4501eddbe2c03932f51e7030aebddaf72d5",
                "sha256:c22f3e2c29cb592b65020605649f6d3cd4cf626e6cf97ce1843547e5ea4d5f68",
                "sha256:c8e236eabdaf230e5c49f26c28f95bc3788ba1296765a4e1b98143741fcd779c",
                "sha256:7f08048c4315f56f02dcef350c9b149a1b7a88c46d316e16a83f1f25a71323c6",
                "sha256:47d47df72e9f0462c8065a82da7b87f4b2577eb8a3fc855bcea165c2293beb84",
                "sha256:b67e222177bfd51532955307a1ec9afd5e9c90ba2ff9561acae562d1e75c6ac1",
                "sha256:5817b2b70a074cdab74c3871a2018d6931f8ef5148844006b8868b2be26f5abe",
                "sha256:6645c8d0ad845308de3eb9be98b6fd22a46ec5412bfc664a423e411cdd8f5488"
            ],
            "version": "==3.1.3"
        },
        "boto3": {
            "hashes": [
                "sha256:38057b066990172ce6ebbf2a5e046a545503793581fcf14cab0e3821c6112eb0",
                "sha256:f79f77dca2280f7780f39d72a5088f4cf2b626c0921e7185ed6ac17abfdd7e6c"
            ],
            "version": "==1.4.7"
        },
        "botocore": {
            "hashes": [
                "sha256:be30df97b21591e2f1e2afeae752586d2992ad030464e8e0d43a4ef71388fcda",
                "sha256:86c5d7f4a1931cb73cc3567997ca8d51e8c4320d04c8fbafa345d2ce2c5c3c57"
            ],
            "version": "==1.7.24"
        },
        "certifi": {
            "hashes": [
                "sha256:54a07c09c586b0e4c619f02a5e94e36619da8e2b053e20f594348c0611803704",
                "sha256:40523d2efb60523e113b44602298f0960e900388cf3bb6043f645cf57ea9e3f5"
            ],
            "version": "==2017.7.27.1"
        },
        "cffi": {
            "hashes": [
                "sha256:97eeaad8a787442f4e05d73ce2b7877094cf3232871b1d18f1396e170b27f35f",
                "sha256:50a2dc4bdc81fcd9f00a6d83e85195877a0138fb3c435011048eea2a85a999f5",
                "sha256:82940cae90abe1f280b3d615273fe72e590e5a4f454d6168941394dde0639f10",
                "sha256:6d528e8d8411c8a989ebbe3c2dafce679c2fb386c20dd9c9acfc04ffe8a9de71",
                "sha256:5af456d82aba74acfe63ec5c472a330ddaff8633bcc928c965236cee8db9e8a3",
                "sha256:60443dede4a6027828fd1a29f024f090b02eb1ebd8b3d1d0b5f5195c27d83a2a",
                "sha256:5b5161ac1f475ec677ce5761253ca168567d5e6a38089f51131862dba720f6b8",
                "sha256:689546ed8386d4642a744001fa88fd1acffe52cf9843d87e21050e8553300164",
                "sha256:3504eb0b3fa0688e0b9374b975862d511f159d478d06378fed86de86d1217bfb",
                "sha256:c9faf0ef88c556e41bba2d26e5d2ef60854a2a08c2c86c0f05e3ccb6b6e87494",
                "sha256:39ed8eff749296ede7fca5b5006b8a529f24e304668584e8cf0966b260d3ffd4",
                "sha256:6c519945d7e9a34365ddc268b41f79a7756c1f5aefb2df68bb2efb4fd513cf2f",
                "sha256:0d68b217c53376696d88c24279d79b9bf0d38a650a1f55a5729c87c2ec4a12ca",
                "sha256:ae8833af61abcda824224439441361c5e311e83fd43f66e83a9b674f087da4c3",
                "sha256:cd78b68f3fa141f54a658caba219c750c8b86008a1f3db6b0cac4b5ae3d302fb",
                "sha256:314d351e86138396415878f9bde9442126db12db8a1748a2f7e8f8109070dbcc",
                "sha256:f3ef38f190541d83d7f97020e0f22bb202883608a936089b00d9c58ae7305862",
                "sha256:404cf921efe774201b468059034741ceaa617332131eeb0143bee3c63255fe1c",
                "sha256:610e6fb5d0db240cdbe2435d396d25e7f4cdd2c2e9201269ebbf768674da2ec9",
                "sha256:2ef79c841ab4e570e43d76177e9430c4c8e3a9b3bbc7885b18c870bb7ce79d23",
                "sha256:695ccec3ba3a43a931255f57a59d5209292c6ee83b07cc52ac0f3fa911ae3e2e",
                "sha256:a830c65a4e5daf802f284c9a736d2e9c1557869b934eba860a6b6d4bbe683e6e",
                "sha256:16e7bd908828a487f58509ad9eb9f40d3fbe23a7031958ef4f9ae628631c50b8",
                "sha256:96764e1c2ad1b8d9025713f19d5a9c5515f864fd76d5d782060124e8b2881879",
                "sha256:19f81c224cf63cf568e5ef46fac1c55aa6b512e56187d2317ecfc7d607d70ca8",
                "sha256:3dde89c1704e18ac7e8691c719f15777fe10c54e115cc82be7a8a565511eff99",
                "sha256:e009c157929b0738b90b891c6a86d6a4f6843935cb8c76e5303a77f4327f7f2f",
                "sha256:0049ad81e1095eb65683510f73ae80ed6bd99286fffa12ca2b106b92cd90bc49",
                "sha256:204730befe492b27ebafbff0b78e3a20785e682ad2020c524df1baebc64c1df4",
                "sha256:418820b0a4d8a9c43cc0e2b5aca09beb3be0e1d2280acbea12709a0b2353223f",
                "sha256:4c40817cc0f71b5351eb0bdd0b585db4a285c2bcc03fbcb961b79bb8086b7576"
            ],
            "version": "==1.11.1"
        },
        "chardet": {
            "hashes": [
                "sha256:fc323ffcaeaed0e0a02bf4d117757b98aed530d9ed4531e3e15460124c106691",
                "sha256:84ab92ed1c4d4f16916e05906b6b75a6c0fb5db821cc65e70cbd64a3e2a5eaae"
            ],
            "version": "==3.0.4"
        },
        "click": {
            "hashes": [
                "sha256:29f99fc6125fbc931b758dc053b3114e55c77a6e4c6c3a2674a2dc986016381d",
                "sha256:f15516df478d5a56180fbf80e68f206010e6d160fc39fa508b65e035fd75130b"
            ],
            "version": "==6.7"
        },
        "docutils": {
            "hashes": [
                "sha256:7a4bd47eaf6596e1295ecb11361139febe29b084a87bf005bf899f9a42edc3c6",
                "sha256:02aec4bd92ab067f6ff27a38a38a41173bf01bed8f89157768c1573f53e474a6",
                "sha256:51e64ef2ebfb29cae1faa133b3710143496eca21c530f3f71424d77687764274"
            ],
            "version": "==0.14"
        },
        "flask": {
            "hashes": [
                "sha256:0749df235e3ff61ac108f69ac178c9770caeaccad2509cb762ce1f65570a8856",
                "sha256:49f44461237b69ecd901cc7ce66feea0319b9158743dd27a2899962ab214dac1"
            ],
            "version": "==0.12.2"
        },
        "flask-classful": {
            "hashes": [
                "sha256:ec3a93fc38ce7238052193333b157edfc424c8ff5ca896b202df6559d42a7cb3",
                "sha256:b2978880cfa394333215de40f17a9e883d837bd23a563f7c1427792d6b00bd58"
            ],
            "version": "==0.13.1"
        },
        "flask-cors": {
            "hashes": [
                "sha256:55eb3864b4290f939ff19a2250fcb47d8c0f63d250c6780b922629299d011ec8",
                "sha256:ac4b81b3d90f5f18714c995c807f94501df8c9bbc22ef4261c1cd850748c3850",
                "sha256:62ebc5ad80dc21ca0ea9f57466c2c74e24a62274af890b391790c260eb7b754b"
            ],
            "version": "==3.0.3"
        },
        "flask-jwt-simple": {
            "hashes": [
                "sha256:7ebc7a07005056f71e41ac323ff4ebac5e02356c9619e385ecd419084274b268"
            ],
            "version": "==0.0.3"
        },
        "flask-pymongo": {
            "hashes": [
                "sha256:0d3cb35f874e17cc0f08066936e2f96a7a65e65af00609211b3e7518bf499813",
                "sha256:e81c2001be555e255b3ac7776f0f2f5921f6aeef9fc94edb47c1fca2b532e59c",
                "sha256:2baaa2ba5107d72b3a8bd4b5c0c8881316e35340ad1ae979cc13f1f3c8843b3d"
            ],
            "version": "==0.5.1"
        },
        "gunicorn": {
            "hashes": [
                "sha256:75af03c99389535f218cc596c7de74df4763803f7b63eb09d77e92b3956b36c6",
                "sha256:eee1169f0ca667be05db3351a0960765620dad53f53434262ff8901b68a1b622"
            ],
            "version": "==19.7.1"
        },
        "idna": {
            "hashes": [
                "sha256:8c7309c718f94b3a625cb648ace320157ad16ff131ae0af362c9f21b80ef6ec4",
                "sha256:2c6a5de3089009e3da7c5dde64a141dbc8551d5b7f6cf4ed7c2568d0cc520a8f"
            ],
            "version": "==2.6"
        },
        "isort": {
            "hashes": [
                "sha256:cd5d3fc2c16006b567a17193edf4ed9830d9454cbeb5a42ac80b36ea00c23db4",
                "sha256:79f46172d3a4e2e53e7016e663cc7a8b538bec525c36675fcfd2767df30b3983"
            ],
            "version": "==4.2.15"
        },
        "itsdangerous": {
            "hashes": [
                "sha256:cbb3fcf8d3e33df861709ecaf89d9e6629cff0a217bc2848f1b41cd30d360519"
            ],
            "version": "==0.24"
        },
        "jinja2": {
            "hashes": [
                "sha256:2231bace0dfd8d2bf1e5d7e41239c06c9e0ded46e70cc1094a0aa64b0afeb054",
                "sha256:ddaa01a212cd6d641401cb01b605f4a4d9f37bfc93043d7f760ec70fb99ff9ff"
            ],
            "version": "==2.9.6"
        },
        "jmespath": {
            "hashes": [
                "sha256:f11b4461f425740a1d908e9a3f7365c3d2e569f6ca68a2ff8bc5bcd9676edd63",
                "sha256:6a81d4c9aa62caf061cb517b4d9ad1dd300374cd4706997aff9cd6aedd61fc64"
            ],
            "version": "==0.9.3"
        },
        "lazy-object-proxy": {
            "hashes": [
                "sha256:209615b0fe4624d79e50220ce3310ca1a9445fd8e6d3572a896e7f9146bbf019",
                "sha256:1b668120716eb7ee21d8a38815e5eb3bb8211117d9a90b0f8e21722c0758cc39",
                "sha256:cb924aa3e4a3fb644d0c463cad5bc2572649a6a3f68a7f8e4fbe44aaa6d77e4c",
                "sha256:2c1b21b44ac9beb0fc848d3993924147ba45c4ebc24be19825e57aabbe74a99e",
                "sha256:320ffd3de9699d3892048baee45ebfbbf9388a7d65d832d7e580243ade426d2b",
                "sha256:2df72ab12046a3496a92476020a1a0abf78b2a7db9ff4dc2036b8dd980203ae6",
                "sha256:27ea6fd1c02dcc78172a82fc37fcc0992a94e4cecf53cb6d73f11749825bd98b",
                "sha256:e5b9e8f6bda48460b7b143c3821b21b452cb3a835e6bbd5dd33aa0c8d3f5137d",
                "sha256:7661d401d60d8bf15bb5da39e4dd72f5d764c5aff5a86ef52a042506e3e970ff",
                "sha256:61a6cf00dcb1a7f0c773ed4acc509cb636af2d6337a08f362413c76b2b47a8dd",
                "sha256:bd6292f565ca46dee4e737ebcc20742e3b5be2b01556dafe169f6c65d088875f",
                "sha256:933947e8b4fbe617a51528b09851685138b49d511af0b6c0da2539115d6d4514",
                "sha256:d0fc7a286feac9077ec52a927fc9fe8fe2fabab95426722be4c953c9a8bede92",
                "sha256:7f3a2d740291f7f2c111d86a1c4851b70fb000a6c8883a59660d95ad57b9df35",
                "sha256:5276db7ff62bb7b52f77f1f51ed58850e315154249aceb42e7f4c611f0f847ff",
                "sha256:94223d7f060301b3a8c09c9b3bc3294b56b2188e7d8179c762a1cda72c979252",
                "sha256:6ae6c4cb59f199d8827c5a07546b2ab7e85d262acaccaacd49b62f53f7c456f7",
                "sha256:f460d1ceb0e4a5dcb2a652db0904224f367c9b3c1470d5a7683c0480e582468b",
                "sha256:e81ebf6c5ee9684be8f2c87563880f93eedd56dd2b6146d8a725b50b7e5adb0f",
                "sha256:81304b7d8e9c824d058087dcb89144842c8e0dea6d281c031f59f0acf66963d4",
                "sha256:ddc34786490a6e4ec0a855d401034cbd1242ef186c20d79d2166d6a4bd449577",
                "sha256:7bd527f36a605c914efca5d3d014170b2cb184723e423d26b1fb2fd9108e264d",
                "sha256:ab3ca49afcb47058393b0122428358d2fbe0408cf99f1b58b295cfeb4ed39109",
                "sha256:7cb54db3535c8686ea12e9535eb087d32421184eacc6939ef15ef50f83a5e7e2",
                "sha256:0ce34342b419bd8f018e6666bfef729aec3edf62345a53b537a4dcc115746a33",
                "sha256:e34b155e36fa9da7e1b7c738ed7767fc9491a62ec6af70fe9da4a057759edc2d",
                "sha256:50e3b9a464d5d08cc5227413db0d1c4707b6172e4d4d915c1c70e4de0bbff1f5",
                "sha256:27bf62cb2b1a2068d443ff7097ee33393f8483b570b475db8ebf7e1cba64f088",
                "sha256:eb91be369f945f10d3a49f5f9be8b3d0b93a4c2be8f8a5b83b0571b8123e0a7a"
            ],
            "version": "==1.3.1"
        },
        "markupsafe": {
            "hashes": [
                "sha256:a6be69091dac236ea9c6bc7d012beab42010fa914c459791d627dad4910eb665"
            ],
            "version": "==1.0"
        },
        "marshmallow": {
            "hashes": [
                "sha256:9f95c0d9ca063310a96134b55b12edfc3a1d963faa7b320e0d02352d11e0fecf",
                "sha256:e3e83f11cade65fc78482a7620f01f82080f032b5fb51756e396635ebc711c75"
            ],
            "version": "==2.13.6"
        },
        "mccabe": {
            "hashes": [
                "sha256:ab8a6258860da4b6677da4bd2fe5dc2c659cff31b3ee4f7f5d64e79735b80d42",
                "sha256:dd8d182285a0fe56bace7f45b5e7d1a6ebcbf524e8f3bd87eb0f125271b8831f"
            ],
            "version": "==0.6.1"
        },
        "pycparser": {
            "hashes": [
                "sha256:99a8ca03e29851d96616ad0404b4aad7d9ee16f25c9f9708a11faf2810f7b226"
            ],
            "version": "==2.18"
        },
        "pyjwt": {
            "hashes": [
                "sha256:a4e5f1441e3ca7b382fd0c0b416777ced1f97c64ef0c33bfa39daf38505cfd2f",
                "sha256:500be75b17a63f70072416843dc80c8821109030be824f4d14758f114978bae7"
            ],
            "version": "==1.5.3"
        },
        "pylint": {
            "hashes": [
                "sha256:948679535a28afc54afb9210dabc6973305409042ece8e5768ca1409910c1ed8",
                "sha256:1f65b3815c3bf7524b845711d54c4242e4057dd93826586620239ecdfe591fb1"
            ],
            "version": "==1.7.4"
        },
        "pymongo": {
            "hashes": [
                "sha256:3eda499d1a6e584c448b8abb66c4cb7af02ba50f70a99a3063c4d9c460130e38",
                "sha256:8946a46e3b9c4a7f0feb6909093594ab10771bda0fc4601901666b27043fc100",
                "sha256:a02035ab7ebef71f7fc4aaa0c2344bcc7d74c6de64a000464184f8cb9496966f",
                "sha256:8de6afe3aa34be4800a0bc49ce8f0d05c5e936b4ec297322e64bb6db8e5fd754",
                "sha256:d0e516d07979c43a65927cd98c8bda84c7620f09658e9f424ebfff8f28994f77",
                "sha256:521676f3f2739a6b92d8d7bd7141653594e609b5827a382b0b9d76da69eefb2e",
                "sha256:28be0827bd176c844fc0c06d99dae95bf0f720b6ff3616099f3ab6d0e1742602",
                "sha256:ffaf9e135f9321423ac50035c4e3854b4f668e5a46c81d2e3341ae0504279ba3",
                "sha256:a11b456b549583d76a1ccca20a4a0ee710489e67753b3f3082cd929556693f31",
                "sha256:39961f650fca9b3c6a8294a47707c328283d42e298712030b1992083900f00c3",
                "sha256:dd647f898031efefc093c14960b531ce13c10cd704dc0b43604cb93b168719e5",
                "sha256:41c892df7f67ec9aa76f4e1b4e093ac18d9a9ebafa6c60fc4e57db68eadb0d87",
                "sha256:a516bddf391ccded8a9fe75672200bfedb20449e09661f3f785e8e695a6b15e4",
                "sha256:0f0e2cd634a5f97fe84b8a860c52e86cee488764031505cdc7c855f01fed7bd4",
                "sha256:ef5dc292d27cb65a04776eaf0c9b5e6a87d6fd03f272a7043816fb8b946f4d8d",
                "sha256:fd22e54beb634e3568638862f305ccd3a78a89fa14a2b62397255b3510eb6bca",
                "sha256:c612ed53c88071da75a4998add30971d9e90e80c83339c86e3be5ebd6913e32b",
                "sha256:8077f89268d702dfae5a633a389f7775122e4146e05e9d6c8b0ee12c91e4d84c",
                "sha256:2652d255b3a0b16a49c743879e882d6c3de40166282fa791075ad5db0285cbb4",
                "sha256:0ce91b475d50b70388f512a2780bf91b0de643175d3f60bae3786ee4f133e751",
                "sha256:d3aabb3dfc564d4b797c3805f3f3b4ce24de6c7150041f9caad536f4c672110b",
                "sha256:57197ac3f47eeef633eec0ea46ddc3895904d0daf2bd271d85a5d691de539171",
                "sha256:166746d50df39c3d293ff26f18c64d728b4ac59b3d1940fb6475ad22820ba439",
                "sha256:abbcbdabe9fd64b107f3aef5c68a20f22906c5f941e75b8414a026e8860af489",
                "sha256:1863a7ee4080388a7e247c7f8040c2a1e1288cecc3792cdcbe25a4b55a3f4a75",
                "sha256:906a13ad6081c5cb5c6862879bc22aa738a4ae12561c6b4ae64d2ff1b4fc47f5",
                "sha256:a7c3a6f32eb910fbdc0dde9aca9fb5407726cd21504d0a67334109f6aaade94e",
                "sha256:4b68b6defa12b96e1087871e677ee8b9d67bbf57b1b70ee54ed19d2ee9dca538",
                "sha256:bc2e6b5bc53269cad1f06ac32a86777a3b8761459f155c6bb14b25844720c0b1",
                "sha256:728a624a35383b147f2fca6051fb9604c7209ad0d9b65e35bf429e563d999e8a",
                "sha256:6c2b1b2ec87873c1d1e38b32378ad428409264d674cceaf1552d557d7f961e57",
                "sha256:38fddffcd47b51415eef97290643dda4e72c7bf32af798df128d9ad94196f029",
                "sha256:d2701658ea78ad484cd077fecb68de130de9a4ed784cc0a62d8d1d549d2b3fff",
                "sha256:cf8846fb59caffa587ba14da78f8fb23dba85017e009c1d752469b0005c444bf",
                "sha256:187d3ad2377a14553e5a185e1ad6e97cc60f7b939b4bb027c815ec77c482077c",
                "sha256:f61846b324456c388b11b5b2231aa15f93b521a4661ff1bc74c351d6b1f92f1b",
                "sha256:7707ed70ea993dbde549979065afb5d5d00ba6c3cf7da20f17e8614b68ffe88a",
                "sha256:0406a8b7b913849cce46a5627af4d799f2569692b848768243400984838e0ee4",
                "sha256:7c9bf2cb808e692ccc02f84069744496f65b656218fabdc289014900834bd906",
                "sha256:de34e59bd786bf54c0a1e6bcb383f42bd7c0fd516ffdd9bed8f00fbcdb4138c0",
                "sha256:a5eb01a8cf44d15c92a58cdb06fa0137084d33279b1d0db8db8144a16b4efe64",
                "sha256:0e8c06be657833c71113a9f9de014ea8507c942cfbfc035e0858e496e11d4521",
                "sha256:336cfaff2b25210355864b547417c37aca2fd71450440a16156bfaadcbc0537b",
                "sha256:fe84e35792193b8b7436cfeb0dc6df9bd77d1ce47321be8e40fb3e0277a5941a",
                "sha256:2402fd747dede03c0651a27c69b14cc1122afbe13ab4be96ddd77f617e8ae547",
                "sha256:b0810290e450d680fafe277adee94e7fc9d306df3b6cde7379482ff31e4ebcdf",
                "sha256:190f7b10e51bb4302bc97ab9f032447016c173af181fc6019e39c1e5d965a3cf",
                "sha256:a792ad4448aa316d66f0dd47a736e18497e7d535aa33e57c6c38c1d518ff8f8d",
                "sha256:0da7d92b45ef757357cc53539ff7c99328b50abf6bc930e4ab19f8b2fe1418da",
                "sha256:1f1da2f5235911666f51c889dcd73cc604981df79b1c189adeed5aa90bfb637f",
                "sha256:b5c733bacc61255484523c93e748527be9b92ea2714cd61e3aa84ad13f822154",
                "sha256:a2db35462e056062f9906d36701e64c49c57007f438ba778cdeca68b08ca6937",
                "sha256:e820d93414f3bec1fa456c84afbd4af1b43ff41366321619db74e6bc065d6924"
            ],
            "version": "==3.5.1"
        },
        "python-dateutil": {
            "hashes": [
                "sha256:95511bae634d69bc7329ba55e646499a842bc4ec342ad54a8cdb65645a0aad3c",
                "sha256:891c38b2a02f5bb1be3e4793866c8df49c7d19baabf9c1bad62547e0b4866aca"
            ],
            "version": "==2.6.1"
        },
        "requests": {
            "hashes": [
                "sha256:6a1b267aa90cac58ac3a765d067950e7dbbf75b1da07e895d1f594193a40a38b",
                "sha256:9c443e7324ba5b85070c4a818ade28bfabedf16ea10206da1132edaa6dda237e"
            ],
            "version": "==2.18.4"
        },
        "s3transfer": {
            "hashes": [
                "sha256:c7b16f4cca5acd2bd57ac9623bfba3fece047247392893506d0d2e6f25620eb3",
                "sha256:76f1f58f4a47e2c8afa135e2c76958806a3abbc42b721d87fd9d11409c75d979"
            ],
            "version": "==0.1.11"
        },
        "six": {
            "hashes": [
                "sha256:832dc0e10feb1aa2c68dcc57dbb658f1c7e65b9b61af69048abc87a2db00a0eb",
                "sha256:70e8a77beed4562e7f14fe23a786b54f6296e34344c23bc42f07b15018ff98e9"
            ],
            "version": "==1.11.0"
        },
        "urllib3": {
            "hashes": [
                "sha256:06330f386d6e4b195fbfc736b297f58c5a892e4440e54d294d7004e3a9bbea1b",
                "sha256:cc44da8e1145637334317feebd728bd869a35285b93cbb4cca2577da7e62db4f"
            ],
            "version": "==1.22"
        },
        "webargs": {
            "hashes": [
                "sha256:d58da17964fa1b0691fec4ea3fa80b57abb25e038d81d708411e42ba253b9404",
                "sha256:f568a838cd296d51726901efbc54559e11f553d1d8b862acc0ce3c5950581e3d"
            ],
            "version": "==1.8.1"
        },
        "werkzeug": {
            "hashes": [
                "sha256:e8549c143af3ce6559699a01e26fa4174f4c591dbee0a499f3cd4c3781cdec3d",
                "sha256:903a7b87b74635244548b30d30db4c8947fe64c5198f58899ddcd3a13c23bb26"
            ],
            "version": "==0.12.2"
        },
        "wrapt": {
            "hashes": [
                "sha256:d4d560d479f2c21e1b5443bbd15fe7ec4b37fe7e53d335d3b9b0a7b1226fe3c6"
            ],
            "version": "==1.10.11"
        }
    },
    "develop": {
        "click": {
            "hashes": [
                "sha256:29f99fc6125fbc931b758dc053b3114e55c77a6e4c6c3a2674a2dc986016381d",
                "sha256:f15516df478d5a56180fbf80e68f206010e6d160fc39fa508b65e035fd75130b"
            ],
            "version": "==6.7"
        },
        "flask": {
            "hashes": [
                "sha256:0749df235e3ff61ac108f69ac178c9770caeaccad2509cb762ce1f65570a8856",
                "sha256:49f44461237b69ecd901cc7ce66feea0319b9158743dd27a2899962ab214dac1"
            ],
            "version": "==0.12.2"
        },
        "itsdangerous": {
            "hashes": [
                "sha256:cbb3fcf8d3e33df861709ecaf89d9e6629cff0a217bc2848f1b41cd30d360519"
            ],
            "version": "==0.24"
        },
        "jinja2": {
            "hashes": [
                "sha256:2231bace0dfd8d2bf1e5d7e41239c06c9e0ded46e70cc1094a0aa64b0afeb054",
                "sha256:ddaa01a212cd6d641401cb01b605f4a4d9f37bfc93043d7f760ec70fb99ff9ff"
            ],
            "version": "==2.9.6"
        },
        "markupsafe": {
            "hashes": [
                "sha256:a6be69091dac236ea9c6bc7d012beab42010fa914c459791d627dad4910eb665"
            ],
            "version": "==1.0"
        },
        "py": {
            "hashes": [
                "sha256:2ccb79b01769d99115aa600d7eed99f524bf752bba8f041dc1c184853514655a",
                "sha256:0f2d585d22050e90c7d293b6451c83db097df77871974d90efd5a30dc12fcde3"
            ],
            "version": "==1.4.34"
        },
        "pytest": {
            "hashes": [
                "sha256:81a25f36a97da3313e1125fce9e7bbbba565bc7fec3c5beb14c262ddab238ac1",
                "sha256:27fa6617efc2869d3e969a3e75ec060375bfb28831ade8b5cdd68da3a741dc3c"
            ],
            "version": "==3.2.3"
        },
        "pytest-flask": {
            "hashes": [
                "sha256:657c7de386215ab0230bee4d76ace0339ae82fcbb34e134e17a29f65032eef03",
                "sha256:2c5a36f9033ef8b6f85ddbefaebdd4f89197fc283f94b20dfe1a1beba4b77f03"
            ],
            "version": "==0.10.0"
        },
        "werkzeug": {
            "hashes": [
                "sha256:e8549c143af3ce6559699a01e26fa4174f4c591dbee0a499f3cd4c3781cdec3d",
                "sha256:903a7b87b74635244548b30d30db4c8947fe64c5198f58899ddcd3a13c23bb26"
            ],
            "version": "==0.12.2"
        }
    }
}
